// !$*UTF8*$!
{
	archiveVersion = 1;
	classes = {
	};
	objectVersion = 46;
	objects = {

/* Begin PBXBuildFile section */
		935467B71DDBE97F005AD9E0 /* main.m in Sources */ = {isa = PBXBuildFile; fileRef = 935467B61DDBE97F005AD9E0 /* main.m */; };
		935467BA1DDBE97F005AD9E0 /* AppDelegate.m in Sources */ = {isa = PBXBuildFile; fileRef = 935467B91DDBE97F005AD9E0 /* AppDelegate.m */; };
		935467BD1DDBE97F005AD9E0 /* ViewController.m in Sources */ = {isa = PBXBuildFile; fileRef = 935467BC1DDBE97F005AD9E0 /* ViewController.m */; };
		935467C01DDBE97F005AD9E0 /* Main.storyboard in Resources */ = {isa = PBXBuildFile; fileRef = 935467BE1DDBE97F005AD9E0 /* Main.storyboard */; };
		935467C21DDBE97F005AD9E0 /* Assets.xcassets in Resources */ = {isa = PBXBuildFile; fileRef = 935467C11DDBE97F005AD9E0 /* Assets.xcassets */; };
		935467C51DDBE97F005AD9E0 /* LaunchScreen.storyboard in Resources */ = {isa = PBXBuildFile; fileRef = 935467C31DDBE97F005AD9E0 /* LaunchScreen.storyboard */; };
		935467D01DDBE980005AD9E0 /* QyerTests.m in Sources */ = {isa = PBXBuildFile; fileRef = 935467CF1DDBE980005AD9E0 /* QyerTests.m */; };
		935467DB1DDBE980005AD9E0 /* QyerUITests.m in Sources */ = {isa = PBXBuildFile; fileRef = 935467DA1DDBE980005AD9E0 /* QyerUITests.m */; };
/* End PBXBuildFile section */

/* Begin PBXContainerItemProxy section */
		935467CC1DDBE980005AD9E0 /* PBXContainerItemProxy */ = {
			isa = PBXContainerItemProxy;
			containerPortal = 935467AA1DDBE97F005AD9E0 /* Project object */;
			proxyType = 1;
			remoteGlobalIDString = 935467B11DDBE97F005AD9E0;
			remoteInfo = Qyer;
		};
		935467D71DDBE980005AD9E0 /* PBXContainerItemProxy */ = {
			isa = PBXContainerItemProxy;
			containerPortal = 935467AA1DDBE97F005AD9E0 /* Project object */;
			proxyType = 1;
			remoteGlobalIDString = 935467B11DDBE97F005AD9E0;
			remoteInfo = Qyer;
		};
/* End PBXContainerItemProxy section */

/* Begin PBXFileReference section */
		935467B21DDBE97F005AD9E0 /* Qyer.app */ = {isa = PBXFileReference; explicitFileType = wrapper.application; includeInIndex = 0; path = Qyer.app; sourceTree = BUILT_PRODUCTS_DIR; };
		935467B61DDBE97F005AD9E0 /* main.m */ = {isa = PBXFileReference; lastKnownFileType = sourcecode.c.objc; path = main.m; sourceTree = "<group>"; };
		935467B81DDBE97F005AD9E0 /* AppDelegate.h */ = {isa = PBXFileReference; lastKnownFileType = sourcecode.c.h; path = AppDelegate.h; sourceTree = "<group>"; };
		935467B91DDBE97F005AD9E0 /* AppDelegate.m */ = {isa = PBXFileReference; lastKnownFileType = sourcecode.c.objc; path = AppDelegate.m; sourceTree = "<group>"; };
		935467BB1DDBE97F005AD9E0 /* ViewController.h */ = {isa = PBXFileReference; lastKnownFileType = sourcecode.c.h; name = ViewController.h; path = Qyer/ViewController.h; sourceTree = SOURCE_ROOT; };
		935467BC1DDBE97F005AD9E0 /* ViewController.m */ = {isa = PBXFileReference; lastKnownFileType = sourcecode.c.objc; name = ViewController.m; path = Qyer/ViewController.m; sourceTree = SOURCE_ROOT; };
		935467BF1DDBE97F005AD9E0 /* Base */ = {isa = PBXFileReference; lastKnownFileType = file.storyboard; name = Base; path = Base.lproj/Main.storyboard; sourceTree = "<group>"; };
		935467C11DDBE97F005AD9E0 /* Assets.xcassets */ = {isa = PBXFileReference; lastKnownFileType = folder.assetcatalog; name = Assets.xcassets; path = ../Assets.xcassets; sourceTree = "<group>"; };
		935467C41DDBE97F005AD9E0 /* Base */ = {isa = PBXFileReference; lastKnownFileType = file.storyboard; name = Base; path = Base.lproj/LaunchScreen.storyboard; sourceTree = "<group>"; };
		935467C61DDBE97F005AD9E0 /* Info.plist */ = {isa = PBXFileReference; lastKnownFileType = text.plist.xml; path = Info.plist; sourceTree = "<group>"; };
		935467CB1DDBE980005AD9E0 /* QyerTests.xctest */ = {isa = PBXFileReference; explicitFileType = wrapper.cfbundle; includeInIndex = 0; path = QyerTests.xctest; sourceTree = BUILT_PRODUCTS_DIR; };
		935467CF1DDBE980005AD9E0 /* QyerTests.m */ = {isa = PBXFileReference; lastKnownFileType = sourcecode.c.objc; path = QyerTests.m; sourceTree = "<group>"; };
		935467D11DDBE980005AD9E0 /* Info.plist */ = {isa = PBXFileReference; lastKnownFileType = text.plist.xml; path = Info.plist; sourceTree = "<group>"; };
		935467D61DDBE980005AD9E0 /* QyerUITests.xctest */ = {isa = PBXFileReference; explicitFileType = wrapper.cfbundle; includeInIndex = 0; path = QyerUITests.xctest; sourceTree = BUILT_PRODUCTS_DIR; };
		935467DA1DDBE980005AD9E0 /* QyerUITests.m */ = {isa = PBXFileReference; lastKnownFileType = sourcecode.c.objc; path = QyerUITests.m; sourceTree = "<group>"; };
		935467DC1DDBE980005AD9E0 /* Info.plist */ = {isa = PBXFileReference; lastKnownFileType = text.plist.xml; path = Info.plist; sourceTree = "<group>"; };
		935467EE1DDBED48005AD9E0 /* PrefixHeader.pch */ = {isa = PBXFileReference; lastKnownFileType = sourcecode.c.h; path = PrefixHeader.pch; sourceTree = "<group>"; };
/* End PBXFileReference section */

/* Begin PBXFrameworksBuildPhase section */
		935467AF1DDBE97F005AD9E0 /* Frameworks */ = {
			isa = PBXFrameworksBuildPhase;
			buildActionMask = 2147483647;
			files = (
			);
			runOnlyForDeploymentPostprocessing = 0;
		};
		935467C81DDBE97F005AD9E0 /* Frameworks */ = {
			isa = PBXFrameworksBuildPhase;
			buildActionMask = 2147483647;
			files = (
			);
			runOnlyForDeploymentPostprocessing = 0;
		};
		935467D31DDBE980005AD9E0 /* Frameworks */ = {
			isa = PBXFrameworksBuildPhase;
			buildActionMask = 2147483647;
			files = (
			);
			runOnlyForDeploymentPostprocessing = 0;
		};
/* End PBXFrameworksBuildPhase section */

/* Begin PBXGroup section */
		935467A91DDBE97F005AD9E0 = {
			isa = PBXGroup;
			children = (
				935467B41DDBE97F005AD9E0 /* Qyer */,
				935467CE1DDBE980005AD9E0 /* QyerTests */,
				935467D91DDBE980005AD9E0 /* QyerUITests */,
				935467B31DDBE97F005AD9E0 /* Products */,
			);
			sourceTree = "<group>";
		};
		935467B31DDBE97F005AD9E0 /* Products */ = {
			isa = PBXGroup;
			children = (
				935467B21DDBE97F005AD9E0 /* Qyer.app */,
				935467CB1DDBE980005AD9E0 /* QyerTests.xctest */,
				935467D61DDBE980005AD9E0 /* QyerUITests.xctest */,
			);
			name = Products;
			sourceTree = "<group>";
		};
		935467B41DDBE97F005AD9E0 /* Qyer */ = {
			isa = PBXGroup;
			children = (
				935467B81DDBE97F005AD9E0 /* AppDelegate.h */,
				935467B91DDBE97F005AD9E0 /* AppDelegate.m */,
				935467E81DDBECFC005AD9E0 /* Category */,
				935467E91DDBECFC005AD9E0 /* Model */,
				935467EA1DDBECFC005AD9E0 /* NetManager */,
				935467EB1DDBECFC005AD9E0 /* Resource */,
				935467EC1DDBECFC005AD9E0 /* View */,
				935467ED1DDBECFC005AD9E0 /* ViewController */,
				935467B51DDBE97F005AD9E0 /* Supporting Files */,
			);
			path = Qyer;
			sourceTree = "<group>";
		};
		935467B51DDBE97F005AD9E0 /* Supporting Files */ = {
			isa = PBXGroup;
			children = (
				935467C61DDBE97F005AD9E0 /* Info.plist */,
				935467B61DDBE97F005AD9E0 /* main.m */,
				935467EE1DDBED48005AD9E0 /* PrefixHeader.pch */,
			);
			name = "Supporting Files";
			sourceTree = "<group>";
		};
		935467CE1DDBE980005AD9E0 /* QyerTests */ = {
			isa = PBXGroup;
			children = (
				935467CF1DDBE980005AD9E0 /* QyerTests.m */,
				935467D11DDBE980005AD9E0 /* Info.plist */,
			);
			path = QyerTests;
			sourceTree = "<group>";
		};
		935467D91DDBE980005AD9E0 /* QyerUITests */ = {
			isa = PBXGroup;
			children = (
				935467DA1DDBE980005AD9E0 /* QyerUITests.m */,
				935467DC1DDBE980005AD9E0 /* Info.plist */,
			);
			path = QyerUITests;
			sourceTree = "<group>";
		};
		935467E81DDBECFC005AD9E0 /* Category */ = {
			isa = PBXGroup;
			children = (
			);
			path = Category;
			sourceTree = "<group>";
		};
		935467E91DDBECFC005AD9E0 /* Model */ = {
			isa = PBXGroup;
			children = (
			);
			path = Model;
			sourceTree = "<group>";
		};
		935467EA1DDBECFC005AD9E0 /* NetManager */ = {
			isa = PBXGroup;
			children = (
			);
			path = NetManager;
			sourceTree = "<group>";
		};
		935467EB1DDBECFC005AD9E0 /* Resource */ = {
			isa = PBXGroup;
			children = (
				935467BE1DDBE97F005AD9E0 /* Main.storyboard */,
				935467C11DDBE97F005AD9E0 /* Assets.xcassets */,
				935467C31DDBE97F005AD9E0 /* LaunchScreen.storyboard */,
			);
			path = Resource;
			sourceTree = "<group>";
		};
		935467EC1DDBECFC005AD9E0 /* View */ = {
			isa = PBXGroup;
			children = (
			);
			path = View;
			sourceTree = "<group>";
		};
		935467ED1DDBECFC005AD9E0 /* ViewController */ = {
			isa = PBXGroup;
			children = (
				935467BB1DDBE97F005AD9E0 /* ViewController.h */,
				935467BC1DDBE97F005AD9E0 /* ViewController.m */,
			);
			path = ViewController;
			sourceTree = "<group>";
		};
/* End PBXGroup section */

/* Begin PBXNativeTarget section */
		935467B11DDBE97F005AD9E0 /* Qyer */ = {
			isa = PBXNativeTarget;
			buildConfigurationList = 935467DF1DDBE980005AD9E0 /* Build configuration list for PBXNativeTarget "Qyer" */;
			buildPhases = (
				935467AE1DDBE97F005AD9E0 /* Sources */,
				935467AF1DDBE97F005AD9E0 /* Frameworks */,
				935467B01DDBE97F005AD9E0 /* Resources */,
			);
			buildRules = (
			);
			dependencies = (
			);
			name = Qyer;
			productName = Qyer;
			productReference = 935467B21DDBE97F005AD9E0 /* Qyer.app */;
			productType = "com.apple.product-type.application";
		};
		935467CA1DDBE97F005AD9E0 /* QyerTests */ = {
			isa = PBXNativeTarget;
			buildConfigurationList = 935467E21DDBE980005AD9E0 /* Build configuration list for PBXNativeTarget "QyerTests" */;
			buildPhases = (
				935467C71DDBE97F005AD9E0 /* Sources */,
				935467C81DDBE97F005AD9E0 /* Frameworks */,
				935467C91DDBE97F005AD9E0 /* Resources */,
			);
			buildRules = (
			);
			dependencies = (
				935467CD1DDBE980005AD9E0 /* PBXTargetDependency */,
			);
			name = QyerTests;
			productName = QyerTests;
			productReference = 935467CB1DDBE980005AD9E0 /* QyerTests.xctest */;
			productType = "com.apple.product-type.bundle.unit-test";
		};
		935467D51DDBE980005AD9E0 /* QyerUITests */ = {
			isa = PBXNativeTarget;
			buildConfigurationList = 935467E51DDBE980005AD9E0 /* Build configuration list for PBXNativeTarget "QyerUITests" */;
			buildPhases = (
				935467D21DDBE980005AD9E0 /* Sources */,
				935467D31DDBE980005AD9E0 /* Frameworks */,
				935467D41DDBE980005AD9E0 /* Resources */,
			);
			buildRules = (
			);
			dependencies = (
				935467D81DDBE980005AD9E0 /* PBXTargetDependency */,
			);
			name = QyerUITests;
			productName = QyerUITests;
			productReference = 935467D61DDBE980005AD9E0 /* QyerUITests.xctest */;
			productType = "com.apple.product-type.bundle.ui-testing";
		};
/* End PBXNativeTarget section */

/* Begin PBXProject section */
		935467AA1DDBE97F005AD9E0 /* Project object */ = {
			isa = PBXProject;
			attributes = {
				LastUpgradeCheck = 0810;
				ORGANIZATIONNAME = tarena15;
				TargetAttributes = {
					935467B11DDBE97F005AD9E0 = {
						CreatedOnToolsVersion = 8.1;
						ProvisioningStyle = Automatic;
					};
					935467CA1DDBE97F005AD9E0 = {
						CreatedOnToolsVersion = 8.1;
						ProvisioningStyle = Automatic;
						TestTargetID = 935467B11DDBE97F005AD9E0;
					};
					935467D51DDBE980005AD9E0 = {
						CreatedOnToolsVersion = 8.1;
						ProvisioningStyle = Automatic;
						TestTargetID = 935467B11DDBE97F005AD9E0;
					};
				};
			};
			buildConfigurationList = 935467AD1DDBE97F005AD9E0 /* Build configuration list for PBXProject "Qyer" */;
			compatibilityVersion = "Xcode 3.2";
			developmentRegion = English;
			hasScannedForEncodings = 0;
			knownRegions = (
				en,
				Base,
			);
			mainGroup = 935467A91DDBE97F005AD9E0;
			productRefGroup = 935467B31DDBE97F005AD9E0 /* Products */;
			projectDirPath = "";
			projectRoot = "";
			targets = (
				935467B11DDBE97F005AD9E0 /* Qyer */,
				935467CA1DDBE97F005AD9E0 /* QyerTests */,
				935467D51DDBE980005AD9E0 /* QyerUITests */,
			);
		};
/* End PBXProject section */

/* Begin PBXResourcesBuildPhase section */
		935467B01DDBE97F005AD9E0 /* Resources */ = {
			isa = PBXResourcesBuildPhase;
			buildActionMask = 2147483647;
			files = (
				935467C51DDBE97F005AD9E0 /* LaunchScreen.storyboard in Resources */,
				935467C21DDBE97F005AD9E0 /* Assets.xcassets in Resources */,
				935467C01DDBE97F005AD9E0 /* Main.storyboard in Resources */,
			);
			runOnlyForDeploymentPostprocessing = 0;
		};
		935467C91DDBE97F005AD9E0 /* Resources */ = {
			isa = PBXResourcesBuildPhase;
			buildActionMask = 2147483647;
			files = (
			);
			runOnlyForDeploymentPostprocessing = 0;
		};
		935467D41DDBE980005AD9E0 /* Resources */ = {
			isa = PBXResourcesBuildPhase;
			buildActionMask = 2147483647;
			files = (
			);
			runOnlyForDeploymentPostprocessing = 0;
		};
/* End PBXResourcesBuildPhase section */

/* Begin PBXSourcesBuildPhase section */
		935467AE1DDBE97F005AD9E0 /* Sources */ = {
			isa = PBXSourcesBuildPhase;
			buildActionMask = 2147483647;
			files = (
				935467BD1DDBE97F005AD9E0 /* ViewController.m in Sources */,
				935467BA1DDBE97F005AD9E0 /* AppDelegate.m in Sources */,
				935467B71DDBE97F005AD9E0 /* main.m in Sources */,
			);
			runOnlyForDeploymentPostprocessing = 0;
		};
		935467C71DDBE97F005AD9E0 /* Sources */ = {
			isa = PBXSourcesBuildPhase;
			buildActionMask = 2147483647;
			files = (
				935467D01DDBE980005AD9E0 /* QyerTests.m in Sources */,
			);
			runOnlyForDeploymentPostprocessing = 0;
		};
		935467D21DDBE980005AD9E0 /* Sources */ = {
			isa = PBXSourcesBuildPhase;
			buildActionMask = 2147483647;
			files = (
				935467DB1DDBE980005AD9E0 /* QyerUITests.m in Sources */,
			);
			runOnlyForDeploymentPostprocessing = 0;
		};
/* End PBXSourcesBuildPhase section */

/* Begin PBXTargetDependency section */
		935467CD1DDBE980005AD9E0 /* PBXTargetDependency */ = {
			isa = PBXTargetDependency;
			target = 935467B11DDBE97F005AD9E0 /* Qyer */;
			targetProxy = 935467CC1DDBE980005AD9E0 /* PBXContainerItemProxy */;
		};
		935467D81DDBE980005AD9E0 /* PBXTargetDependency */ = {
			isa = PBXTargetDependency;
			target = 935467B11DDBE97F005AD9E0 /* Qyer */;
			targetProxy = 935467D71DDBE980005AD9E0 /* PBXContainerItemProxy */;
		};
/* End PBXTargetDependency section */

/* Begin PBXVariantGroup section */
		935467BE1DDBE97F005AD9E0 /* Main.storyboard */ = {
			isa = PBXVariantGroup;
			children = (
				935467BF1DDBE97F005AD9E0 /* Base */,
			);
			name = Main.storyboard;
			path = ..;
			sourceTree = "<group>";
		};
		935467C31DDBE97F005AD9E0 /* LaunchScreen.storyboard */ = {
			isa = PBXVariantGroup;
			children = (
				935467C41DDBE97F005AD9E0 /* Base */,
			);
			name = LaunchScreen.storyboard;
			path = ..;
			sourceTree = "<group>";
		};
/* End PBXVariantGroup section */

/* Begin XCBuildConfiguration section */
		935467DD1DDBE980005AD9E0 /* Debug */ = {
			isa = XCBuildConfiguration;
			buildSettings = {
				ALWAYS_SEARCH_USER_PATHS = NO;
				CLANG_ANALYZER_NONNULL = YES;
				CLANG_CXX_LANGUAGE_STANDARD = "gnu++0x";
				CLANG_CXX_LIBRARY = "libc++";
				CLANG_ENABLE_MODULES = YES;
				CLANG_ENABLE_OBJC_ARC = YES;
				CLANG_WARN_BOOL_CONVERSION = YES;
				CLANG_WARN_CONSTANT_CONVERSION = YES;
				CLANG_WARN_DIRECT_OBJC_ISA_USAGE = YES_ERROR;
				CLANG_WARN_DOCUMENTATION_COMMENTS = YES;
				CLANG_WARN_EMPTY_BODY = YES;
				CLANG_WARN_ENUM_CONVERSION = YES;
				CLANG_WARN_INFINITE_RECURSION = YES;
				CLANG_WARN_INT_CONVERSION = YES;
				CLANG_WARN_OBJC_ROOT_CLASS = YES_ERROR;
				CLANG_WARN_SUSPICIOUS_MOVES = YES;
				CLANG_WARN_UNREACHABLE_CODE = YES;
				CLANG_WARN__DUPLICATE_METHOD_MATCH = YES;
				"CODE_SIGN_IDENTITY[sdk=iphoneos*]" = "iPhone Developer";
				COPY_PHASE_STRIP = NO;
				DEBUG_INFORMATION_FORMAT = dwarf;
				ENABLE_STRICT_OBJC_MSGSEND = YES;
				ENABLE_TESTABILITY = YES;
				GCC_C_LANGUAGE_STANDARD = gnu99;
				GCC_DYNAMIC_NO_PIC = NO;
				GCC_NO_COMMON_BLOCKS = YES;
				GCC_OPTIMIZATION_LEVEL = 0;
				GCC_PREPROCESSOR_DEFINITIONS = (
					"DEBUG=1",
					"$(inherited)",
				);
				GCC_WARN_64_TO_32_BIT_CONVERSION = YES;
				GCC_WARN_ABOUT_RETURN_TYPE = YES_ERROR;
				GCC_WARN_UNDECLARED_SELECTOR = YES;
				GCC_WARN_UNINITIALIZED_AUTOS = YES_AGGRESSIVE;
				GCC_WARN_UNUSED_FUNCTION = YES;
				GCC_WARN_UNUSED_VARIABLE = YES;
				IPHONEOS_DEPLOYMENT_TARGET = 10.1;
				MTL_ENABLE_DEBUG_INFO = YES;
				ONLY_ACTIVE_ARCH = YES;
				SDKROOT = iphoneos;
				TARGETED_DEVICE_FAMILY = "1,2";
			};
			name = Debug;
		};
		935467DE1DDBE980005AD9E0 /* Release */ = {
			isa = XCBuildConfiguration;
			buildSettings = {
				ALWAYS_SEARCH_USER_PATHS = NO;
				CLANG_ANALYZER_NONNULL = YES;
				CLANG_CXX_LANGUAGE_STANDARD = "gnu++0x";
				CLANG_CXX_LIBRARY = "libc++";
				CLANG_ENABLE_MODULES = YES;
				CLANG_ENABLE_OBJC_ARC = YES;
				CLANG_WARN_BOOL_CONVERSION = YES;
				CLANG_WARN_CONSTANT_CONVERSION = YES;
				CLANG_WARN_DIRECT_OBJC_ISA_USAGE = YES_ERROR;
				CLANG_WARN_DOCUMENTATION_COMMENTS = YES;
				CLANG_WARN_EMPTY_BODY = YES;
				CLANG_WARN_ENUM_CONVERSION = YES;
				CLANG_WARN_INFINITE_RECURSION = YES;
				CLANG_WARN_INT_CONVERSION = YES;
				CLANG_WARN_OBJC_ROOT_CLASS = YES_ERROR;
				CLANG_WARN_SUSPICIOUS_MOVES = YES;
				CLANG_WARN_UNREACHABLE_CODE = YES;
				CLANG_WARN__DUPLICATE_METHOD_MATCH = YES;
				"CODE_SIGN_IDENTITY[sdk=iphoneos*]" = "iPhone Developer";
				COPY_PHASE_STRIP = NO;
				DEBUG_INFORMATION_FORMAT = "dwarf-with-dsym";
				ENABLE_NS_ASSERTIONS = NO;
				ENABLE_STRICT_OBJC_MSGSEND = YES;
				GCC_C_LANGUAGE_STANDARD = gnu99;
				GCC_NO_COMMON_BLOCKS = YES;
				GCC_WARN_64_TO_32_BIT_CONVERSION = YES;
				GCC_WARN_ABOUT_RETURN_TYPE = YES_ERROR;
				GCC_WARN_UNDECLARED_SELECTOR = YES;
				GCC_WARN_UNINITIALIZED_AUTOS = YES_AGGRESSIVE;
				GCC_WARN_UNUSED_FUNCTION = YES;
				GCC_WARN_UNUSED_VARIABLE = YES;
				IPHONEOS_DEPLOYMENT_TARGET = 10.1;
				MTL_ENABLE_DEBUG_INFO = NO;
				SDKROOT = iphoneos;
				TARGETED_DEVICE_FAMILY = "1,2";
				VALIDATE_PRODUCT = YES;
			};
			name = Release;
		};
		935467E01DDBE980005AD9E0 /* Debug */ = {
			isa = XCBuildConfiguration;
			buildSettings = {
				ASSETCATALOG_COMPILER_APPICON_NAME = AppIcon;
				GCC_PREFIX_HEADER = "$(PRODUCT_NAME)/PrefixHeader.pch";
				INFOPLIST_FILE = Qyer/Info.plist;
				LD_RUNPATH_SEARCH_PATHS = "$(inherited) @executable_path/Frameworks";
				PRODUCT_BUNDLE_IDENTIFIER = yangxiong.Qyer;
				PRODUCT_NAME = "$(TARGET_NAME)";
			};
			name = Debug;
		};
		935467E11DDBE980005AD9E0 /* Release */ = {
			isa = XCBuildConfiguration;
			buildSettings = {
				ASSETCATALOG_COMPILER_APPICON_NAME = AppIcon;
				GCC_PREFIX_HEADER = "$(PRODUCT_NAME)/PrefixHeader.pch";
				INFOPLIST_FILE = Qyer/Info.plist;
				LD_RUNPATH_SEARCH_PATHS = "$(inherited) @executable_path/Frameworks";
				PRODUCT_BUNDLE_IDENTIFIER = yangxiong.Qyer;
				PRODUCT_NAME = "$(TARGET_NAME)";
			};
			name = Release;
		};
		935467E31DDBE980005AD9E0 /* Debug */ = {
			isa = XCBuildConfiguration;
			buildSettings = {
				BUNDLE_LOADER = "$(TEST_HOST)";
				INFOPLIST_FILE = QyerTests/Info.plist;
				LD_RUNPATH_SEARCH_PATHS = "$(inherited) @executable_path/Frameworks @loader_path/Frameworks";
				PRODUCT_BUNDLE_IDENTIFIER = yangxiong.QyerTests;
				PRODUCT_NAME = "$(TARGET_NAME)";
				TEST_HOST = "$(BUILT_PRODUCTS_DIR)/Qyer.app/Qyer";
			};
			name = Debug;
		};
		935467E41DDBE980005AD9E0 /* Release */ = {
			isa = XCBuildConfiguration;
			buildSettings = {
				BUNDLE_LOADER = "$(TEST_HOST)";
				INFOPLIST_FILE = QyerTests/Info.plist;
				LD_RUNPATH_SEARCH_PATHS = "$(inherited) @executable_path/Frameworks @loader_path/Frameworks";
				PRODUCT_BUNDLE_IDENTIFIER = yangxiong.QyerTests;
				PRODUCT_NAME = "$(TARGET_NAME)";
				TEST_HOST = "$(BUILT_PRODUCTS_DIR)/Qyer.app/Qyer";
			};
			name = Release;
		};
		935467E61DDBE980005AD9E0 /* Debug */ = {
			isa = XCBuildConfiguration;
			buildSettings = {
				INFOPLIST_FILE = QyerUITests/Info.plist;
				LD_RUNPATH_SEARCH_PATHS = "$(inherited) @executable_path/Frameworks @loader_path/Frameworks";
				PRODUCT_BUNDLE_IDENTIFIER = yangxiong.QyerUITests;
				PRODUCT_NAME = "$(TARGET_NAME)";
				TEST_TARGET_NAME = Qyer;
			};
			name = Debug;
		};
		935467E71DDBE980005AD9E0 /* Release */ = {
			isa = XCBuildConfiguration;
			buildSettings = {
				INFOPLIST_FILE = QyerUITests/Info.plist;
				LD_RUNPATH_SEARCH_PATHS = "$(inherited) @executable_path/Frameworks @loader_path/Frameworks";
				PRODUCT_BUNDLE_IDENTIFIER = yangxiong.QyerUITests;
				PRODUCT_NAME = "$(TARGET_NAME)";
				TEST_TARGET_NAME = Qyer;
			};
			name = Release;
		};
/* End XCBuildConfiguration section */

/* Begin XCConfigurationList section */
		935467AD1DDBE97F005AD9E0 /* Build configuration list for PBXProject "Qyer" */ = {
			isa = XCConfigurationList;
			buildConfigurations = (
				935467DD1DDBE980005AD9E0 /* Debug */,
				935467DE1DDBE980005AD9E0 /* Release */,
			);
			defaultConfigurationIsVisible = 0;
			defaultConfigurationName = Release;
		};
		935467DF1DDBE980005AD9E0 /* Build configuration list for PBXNativeTarget "Qyer" */ = {
			isa = XCConfigurationList;
			buildConfigurations = (
				935467E01DDBE980005AD9E0 /* Debug */,
				935467E11DDBE980005AD9E0 /* Release */,
			);
			defaultConfigurationIsVisible = 0;
		};
		935467E21DDBE980005AD9E0 /* Build configuration list for PBXNativeTarget "QyerTests" */ = {
			isa = XCConfigurationList;
			buildConfigurations = (
				935467E31DDBE980005AD9E0 /* Debug */,
				935467E41DDBE980005AD9E0 /* Release */,
			);
			defaultConfigurationIsVisible = 0;
		};
		935467E51DDBE980005AD9E0 /* Build configuration list for PBXNativeTarget "QyerUITests" */ = {
			isa = XCConfigurationList;
			buildConfigurations = (
				935467E61DDBE980005AD9E0 /* Debug */,
				935467E71DDBE980005AD9E0 /* Release */,
			);
			defaultConfigurationIsVisible = 0;
		};
/* End XCConfigurationList section */
	};
	rootObject = 935467AA1DDBE97F005AD9E0 /* Project object */;
}
